{
  "name": "papiea-core",
  "version": "1.0.84",
  "lockfileVersion": 1,
  "requires": true,
  "dependencies": {
    "typescript": {
      "version": "3.9.2",
      "resolved": "https://nutanix.jfrog.io/nutanix/api/npm/npm-virtual/typescript/-/typescript-3.9.2.tgz",
      "integrity": "sha1-ZOnI6b5upYPFRgdnfdRoChzzXbk=",
      "dev": true
    }
  }
}
