{
  "name": "papiea-engine-benchmarks",
  "version": "1.0.84",
  "lockfileVersion": 1,
  "requires": true,
  "dependencies": {
    "@types/autocannon": {
      "version": "4.1.0",
      "resolved": "https://nutanix.jfrog.io/nutanix/api/npm/npm-virtual/@types/autocannon/-/autocannon-4.1.0.tgz",
      "integrity": "sha1-vhGQjTRVwBqGA/hlAAkFZDMsCZ0=",
      "dev": true,
      "requires": {
        "@types/node": "*"
      }
    },
    "@types/color-name": {
      "version": "1.1.1",
      "resolved": "https://nutanix.jfrog.io/nutanix/api/npm/npm-virtual/@types/color-name/-/color-name-1.1.1.tgz",
      "integrity": "sha1-HBJhu+qhCoBVu8XYq4S3sq/IRqA="
    },
    "@types/node": {
      "version": "10.17.21",
      "resolved": "https://nutanix.jfrog.io/nutanix/api/npm/npm-virtual/@types/node/-/node-10.17.21.tgz",
      "integrity": "sha1-wA6WAzmRJpJYBr7S2aHjfaUGll4=",
      "dev": true
    },
    "ansi-regex": {
      "version": "3.0.0",
      "resolved": "https://nutanix.jfrog.io/nutanix/api/npm/npm-virtual/ansi-regex/-/ansi-regex-3.0.0.tgz",
      "integrity": "sha1-7QMXwyIGT3lGbAKWa922Bas32Zg="
    },
    "ansi-styles": {
      "version": "4.2.1",
      "resolved": "https://nutanix.jfrog.io/nutanix/api/npm/npm-virtual/ansi-styles/-/ansi-styles-4.2.1.tgz",
      "integrity": "sha1-kK51xCTQCNJiTFvynq0xd+v881k=",
      "requires": {
        "@types/color-name": "^1.1.1",
        "color-convert": "^2.0.1"
      }
    },
    "arrify": {
      "version": "1.0.1",
      "resolved": "https://nutanix.jfrog.io/nutanix/api/npm/npm-virtual/arrify/-/arrify-1.0.1.tgz",
      "integrity": "sha1-iYUI2iIm84DfkEcoRWhJwVAaSw0=",
      "dev": true
    },
    "asynckit": {
      "version": "0.4.0",
      "resolved": "https://nutanix.jfrog.io/nutanix/api/npm/npm-virtual/asynckit/-/asynckit-0.4.0.tgz",
      "integrity": "sha1-x57Zf380y48robyXkLzDZkdLS3k="
    },
    "autocannon": {
      "version": "4.6.0",
      "resolved": "https://nutanix.jfrog.io/nutanix/api/npm/npm-virtual/autocannon/-/autocannon-4.6.0.tgz",
      "integrity": "sha1-AcGOIRREvVI8l9pP9/+DzSUDUzM=",
      "requires": {
        "chalk": "^3.0.0",
        "cli-table3": "^0.5.1",
        "clone": "^2.1.2",
        "color-support": "^1.1.1",
        "cross-argv": "^1.0.0",
        "form-data": "^2.5.1",
        "has-async-hooks": "^1.0.0",
        "hdr-histogram-js": "^1.1.4",
        "hdr-histogram-percentiles-obj": "^2.0.0",
        "http-parser-js": "^0.5.2",
        "hyperid": "^2.0.3",
        "manage-path": "^2.0.0",
        "minimist": "^1.2.0",
        "on-net-listen": "^1.1.1",
        "pretty-bytes": "^5.3.0",
        "progress": "^2.0.3",
        "reinterval": "^1.1.0",
        "retimer": "^2.0.0",
        "timestring": "^6.0.0"
      }
    },
    "axios": {
      "version": "0.19.2",
      "resolved": "https://nutanix.jfrog.io/nutanix/api/npm/npm-virtual/axios/-/axios-0.19.2.tgz",
      "integrity": "sha1-PqNsXYgY0NX4qKl6bTa4bNwAyyc=",
      "requires": {
        "follow-redirects": "1.5.10"
      }
    },
    "base64-js": {
      "version": "1.3.1",
      "resolved": "https://nutanix.jfrog.io/nutanix/api/npm/npm-virtual/base64-js/-/base64-js-1.3.1.tgz",
      "integrity": "sha1-WOzoy3XdB+ce0IxzarxfrE2/jfE="
    },
    "buffer-from": {
      "version": "1.1.1",
      "resolved": "https://nutanix.jfrog.io/nutanix/api/npm/npm-virtual/buffer-from/-/buffer-from-1.1.1.tgz",
      "integrity": "sha1-MnE7wCj3XAL9txDXx7zsHyxgcO8=",
      "dev": true
    },
    "chalk": {
      "version": "3.0.0",
      "resolved": "https://nutanix.jfrog.io/nutanix/api/npm/npm-virtual/chalk/-/chalk-3.0.0.tgz",
      "integrity": "sha1-P3PCv1JlkfV0zEksUeJFY0n4ROQ=",
      "requires": {
        "ansi-styles": "^4.1.0",
        "supports-color": "^7.1.0"
      }
    },
    "cli-table3": {
      "version": "0.5.1",
      "resolved": "https://nutanix.jfrog.io/nutanix/api/npm/npm-virtual/cli-table3/-/cli-table3-0.5.1.tgz",
      "integrity": "sha1-AlI3LZTfxA29jfBgBfSPMfZW8gI=",
      "requires": {
        "colors": "^1.1.2",
        "object-assign": "^4.1.0",
        "string-width": "^2.1.1"
      }
    },
    "clone": {
      "version": "2.1.2",
      "resolved": "https://nutanix.jfrog.io/nutanix/api/npm/npm-virtual/clone/-/clone-2.1.2.tgz",
      "integrity": "sha1-G39Ln1kfHo+DZwQBYANFoCiHQ18="
    },
    "color-convert": {
      "version": "2.0.1",
      "resolved": "https://nutanix.jfrog.io/nutanix/api/npm/npm-virtual/color-convert/-/color-convert-2.0.1.tgz",
      "integrity": "sha1-ctOmjVmMm9s68q0ehPIdiWq9TeM=",
      "requires": {
        "color-name": "~1.1.4"
      }
    },
    "color-name": {
      "version": "1.1.4",
      "resolved": "https://nutanix.jfrog.io/nutanix/api/npm/npm-virtual/color-name/-/color-name-1.1.4.tgz",
      "integrity": "sha1-wqCah6y95pVD3m9j+jmVyCbFNqI="
    },
    "color-support": {
      "version": "1.1.3",
      "resolved": "https://nutanix.jfrog.io/nutanix/api/npm/npm-virtual/color-support/-/color-support-1.1.3.tgz",
      "integrity": "sha1-k4NDeaHMmgxh+C9S8NBDIiUb1aI="
    },
    "colors": {
      "version": "1.4.0",
      "resolved": "https://nutanix.jfrog.io/nutanix/api/npm/npm-virtual/colors/-/colors-1.4.0.tgz",
      "integrity": "sha1-xQSRR51MG9rtLJztMs98fcI2D3g=",
      "optional": true
    },
    "combined-stream": {
      "version": "1.0.8",
      "resolved": "https://nutanix.jfrog.io/nutanix/api/npm/npm-virtual/combined-stream/-/combined-stream-1.0.8.tgz",
      "integrity": "sha1-w9RaizT9cwYxoRCoolIGgrMdWn8=",
      "requires": {
        "delayed-stream": "~1.0.0"
      }
    },
    "cross-argv": {
      "version": "1.0.0",
      "resolved": "https://nutanix.jfrog.io/nutanix/api/npm/npm-virtual/cross-argv/-/cross-argv-1.0.0.tgz",
      "integrity": "sha1-5yIen/cwkqgElsaZyMRe+yD2SGw="
    },
    "debug": {
      "version": "3.1.0",
      "resolved": "https://nutanix.jfrog.io/nutanix/api/npm/npm-virtual/debug/-/debug-3.1.0.tgz",
      "integrity": "sha1-W7WgZyYotkFJVmuhaBnmFRjGcmE=",
      "requires": {
        "ms": "2.0.0"
      }
    },
    "delayed-stream": {
      "version": "1.0.0",
      "resolved": "https://nutanix.jfrog.io/nutanix/api/npm/npm-virtual/delayed-stream/-/delayed-stream-1.0.0.tgz",
      "integrity": "sha1-3zrhmayt+31ECqrgsp4icrJOxhk="
    },
    "diff": {
      "version": "3.5.0",
      "resolved": "https://nutanix.jfrog.io/nutanix/api/npm/npm-virtual/diff/-/diff-3.5.0.tgz",
      "integrity": "sha1-gAwN0eCov7yVg1wgKtIg/jF+WhI=",
      "dev": true
    },
    "follow-redirects": {
      "version": "1.5.10",
      "resolved": "https://nutanix.jfrog.io/nutanix/api/npm/npm-virtual/follow-redirects/-/follow-redirects-1.5.10.tgz",
      "integrity": "sha1-e3qfmuov3/NnhqlP9kPtB/T/Xio=",
      "requires": {
        "debug": "=3.1.0"
      }
    },
    "form-data": {
      "version": "2.5.1",
      "resolved": "https://nutanix.jfrog.io/nutanix/api/npm/npm-virtual/form-data/-/form-data-2.5.1.tgz",
      "integrity": "sha1-8svsV7XlniNxbhKP5E1OXdI4lfQ=",
      "requires": {
        "asynckit": "^0.4.0",
        "combined-stream": "^1.0.6",
        "mime-types": "^2.1.12"
      }
    },
    "has-async-hooks": {
      "version": "1.0.0",
      "resolved": "https://nutanix.jfrog.io/nutanix/api/npm/npm-virtual/has-async-hooks/-/has-async-hooks-1.0.0.tgz",
      "integrity": "sha1-PfllrejNLZ2/2s+8o+ClFSuq8gQ="
    },
    "has-flag": {
      "version": "4.0.0",
      "resolved": "https://nutanix.jfrog.io/nutanix/api/npm/npm-virtual/has-flag/-/has-flag-4.0.0.tgz",
      "integrity": "sha1-lEdx/ZyByBJlxNaUGGDaBrtZR5s="
    },
    "hdr-histogram-js": {
      "version": "1.2.0",
      "resolved": "https://nutanix.jfrog.io/nutanix/api/npm/npm-virtual/hdr-histogram-js/-/hdr-histogram-js-1.2.0.tgz",
      "integrity": "sha1-EhPAsxfzm5wFvE8gjLeTHbvBkq4=",
      "requires": {
        "base64-js": "^1.2.0",
        "pako": "^1.0.3"
      }
    },
    "hdr-histogram-percentiles-obj": {
      "version": "2.0.1",
      "resolved": "https://nutanix.jfrog.io/nutanix/api/npm/npm-virtual/hdr-histogram-percentiles-obj/-/hdr-histogram-percentiles-obj-2.0.1.tgz",
      "integrity": "sha1-ek1S+gIIcRjGZGnmtmt0+fu0TYI=",
      "requires": {
        "hdr-histogram-js": "^1.0.0"
      }
    },
    "http-parser-js": {
      "version": "0.5.2",
      "resolved": "https://nutanix.jfrog.io/nutanix/api/npm/npm-virtual/http-parser-js/-/http-parser-js-0.5.2.tgz",
      "integrity": "sha1-2i4x0jezk6rnKs5DiC3X4nCo/3c="
    },
    "hyperid": {
      "version": "2.0.5",
      "resolved": "https://nutanix.jfrog.io/nutanix/api/npm/npm-virtual/hyperid/-/hyperid-2.0.5.tgz",
      "integrity": "sha1-/s7a1OmGjVSMCWSCkXwzCQvM0r4=",
      "requires": {
        "uuid": "^3.4.0",
        "uuid-parse": "^1.1.0"
      }
    },
    "is-fullwidth-code-point": {
      "version": "2.0.0",
      "resolved": "https://nutanix.jfrog.io/nutanix/api/npm/npm-virtual/is-fullwidth-code-point/-/is-fullwidth-code-point-2.0.0.tgz",
      "integrity": "sha1-o7MKXE8ZkYMWeqq5O+764937ZU8="
    },
    "make-error": {
      "version": "1.3.6",
      "resolved": "https://nutanix.jfrog.io/nutanix/api/npm/npm-virtual/make-error/-/make-error-1.3.6.tgz",
      "integrity": "sha1-LrLjfqm2fEiR9oShOUeZr0hM96I=",
      "dev": true
    },
    "manage-path": {
      "version": "2.0.0",
      "resolved": "https://nutanix.jfrog.io/nutanix/api/npm/npm-virtual/manage-path/-/manage-path-2.0.0.tgz",
      "integrity": "sha1-9M+EV7km7u4qg7FzUBQUvHbrlZc="
    },
    "mime-db": {
      "version": "1.44.0",
      "resolved": "https://nutanix.jfrog.io/nutanix/api/npm/npm-virtual/mime-db/-/mime-db-1.44.0.tgz",
      "integrity": "sha1-+hHF6wrKEzS0Izy01S8QxaYnL5I="
    },
    "mime-types": {
      "version": "2.1.27",
      "resolved": "https://nutanix.jfrog.io/nutanix/api/npm/npm-virtual/mime-types/-/mime-types-2.1.27.tgz",
      "integrity": "sha1-R5SfmOJ56lMRn1ci4PNOUpvsAJ8=",
      "requires": {
        "mime-db": "1.44.0"
      }
    },
    "minimist": {
      "version": "1.2.5",
      "resolved": "https://nutanix.jfrog.io/nutanix/api/npm/npm-virtual/minimist/-/minimist-1.2.5.tgz",
      "integrity": "sha1-Z9ZgFLZqaoqqDAg8X9WN9OTpdgI="
    },
    "mkdirp": {
      "version": "0.5.5",
      "resolved": "https://nutanix.jfrog.io/nutanix/api/npm/npm-virtual/mkdirp/-/mkdirp-0.5.5.tgz",
      "integrity": "sha1-2Rzv1i0UNsoPQWIOJRKI1CAJne8=",
      "dev": true,
      "requires": {
        "minimist": "^1.2.5"
      }
    },
    "ms": {
      "version": "2.0.0",
      "resolved": "https://nutanix.jfrog.io/nutanix/api/npm/npm-virtual/ms/-/ms-2.0.0.tgz",
      "integrity": "sha1-VgiurfwAvmwpAd9fmGF4jeDVl8g="
    },
    "object-assign": {
      "version": "4.1.1",
      "resolved": "https://nutanix.jfrog.io/nutanix/api/npm/npm-virtual/object-assign/-/object-assign-4.1.1.tgz",
      "integrity": "sha1-IQmtx5ZYh8/AXLvUQsrIv7s2CGM="
    },
    "on-net-listen": {
      "version": "1.1.2",
      "resolved": "https://nutanix.jfrog.io/nutanix/api/npm/npm-virtual/on-net-listen/-/on-net-listen-1.1.2.tgz",
      "integrity": "sha1-Zx5VqByRD6flseTVBlRenqDy4Rw="
    },
    "pako": {
      "version": "1.0.11",
      "resolved": "https://nutanix.jfrog.io/nutanix/api/npm/npm-virtual/pako/-/pako-1.0.11.tgz",
      "integrity": "sha1-bJWZ00DVTf05RjgCUqNXBaa5kr8="
    },
    "papiea-client": {
      "version": "file:../../papiea-client",
      "requires": {
        "axios": "^0.18.1",
        "papiea-core": "file:../../papiea-core",
        "wait-port": "^0.2.2"
      }
    },
    "papiea-core": {
      "version": "file:../../papiea-core"
    },
    "papiea-sdk": {
      "version": "file:../../papiea-sdk",
      "requires": {
        "axios": "^0.18.1",
        "express": "^4.17.0",
        "express-async-handler": "^1.1.4",
        "js-yaml": "^3.12.0",
        "papiea-backend-utils": "file:../../papiea-backend-utils",
        "papiea-client": "file:../../papiea-client",
        "papiea-core": "file:../../papiea-core",
        "pluralize": "^7.0.0",
        "swagger-model-validator": "^3.0.6",
        "uuid": "^3.3.2",
        "wait-port": "^0.2.2"
      }
    },
    "pretty-bytes": {
      "version": "5.3.0",
      "resolved": "https://nutanix.jfrog.io/nutanix/api/npm/npm-virtual/pretty-bytes/-/pretty-bytes-5.3.0.tgz",
      "integrity": "sha1-8oSeJ9t5+01s/iR2T8QTTxZZifI="
    },
    "progress": {
      "version": "2.0.3",
      "resolved": "https://nutanix.jfrog.io/nutanix/api/npm/npm-virtual/progress/-/progress-2.0.3.tgz",
      "integrity": "sha1-foz42PW48jnBvGi+tOt4Vn1XLvg="
    },
    "reinterval": {
      "version": "1.1.0",
      "resolved": "https://nutanix.jfrog.io/nutanix/api/npm/npm-virtual/reinterval/-/reinterval-1.1.0.tgz",
      "integrity": "sha1-M2Hs+jymwYKDOA3Qu5VG85D17Oc="
    },
    "retimer": {
      "version": "2.0.0",
      "resolved": "https://nutanix.jfrog.io/nutanix/api/npm/npm-virtual/retimer/-/retimer-2.0.0.tgz",
      "integrity": "sha1-6L1oxeWo7C9JzLXGNtuEwEBju8o="
    },
    "source-map": {
      "version": "0.6.1",
      "resolved": "https://nutanix.jfrog.io/nutanix/api/npm/npm-virtual/source-map/-/source-map-0.6.1.tgz",
      "integrity": "sha1-dHIq8y6WFOnCh6jQu95IteLxomM=",
      "dev": true
    },
    "source-map-support": {
      "version": "0.5.19",
      "resolved": "https://nutanix.jfrog.io/nutanix/api/npm/npm-virtual/source-map-support/-/source-map-support-0.5.19.tgz",
      "integrity": "sha1-qYti+G3K9PZzmWSMCFKRq56P7WE=",
      "dev": true,
      "requires": {
        "buffer-from": "^1.0.0",
        "source-map": "^0.6.0"
      }
    },
    "string-width": {
      "version": "2.1.1",
      "resolved": "https://nutanix.jfrog.io/nutanix/api/npm/npm-virtual/string-width/-/string-width-2.1.1.tgz",
      "integrity": "sha1-q5Pyeo3BPSjKyBXEYhQ6bZASrp4=",
      "requires": {
        "is-fullwidth-code-point": "^2.0.0",
        "strip-ansi": "^4.0.0"
      }
    },
    "strip-ansi": {
      "version": "4.0.0",
      "resolved": "https://nutanix.jfrog.io/nutanix/api/npm/npm-virtual/strip-ansi/-/strip-ansi-4.0.0.tgz",
      "integrity": "sha1-qEeQIusaw2iocTibY1JixQXuNo8=",
      "requires": {
        "ansi-regex": "^3.0.0"
      }
    },
    "supports-color": {
      "version": "7.1.0",
      "resolved": "https://nutanix.jfrog.io/nutanix/api/npm/npm-virtual/supports-color/-/supports-color-7.1.0.tgz",
      "integrity": "sha1-aOMlkd9z4lrRxLSRCKLsUHliv9E=",
      "requires": {
        "has-flag": "^4.0.0"
      }
    },
    "timestring": {
      "version": "6.0.0",
      "resolved": "https://nutanix.jfrog.io/nutanix/api/npm/npm-virtual/timestring/-/timestring-6.0.0.tgz",
      "integrity": "sha1-sMfDMZgezyBmzoi8+47jrjLnoPY="
    },
    "ts-node": {
      "version": "7.0.1",
      "resolved": "https://nutanix.jfrog.io/nutanix/api/npm/npm-virtual/ts-node/-/ts-node-7.0.1.tgz",
      "integrity": "sha1-lWLcLR5tJI0kvFX3c+P2FDN9m68=",
      "dev": true,
      "requires": {
        "arrify": "^1.0.0",
        "buffer-from": "^1.1.0",
        "diff": "^3.1.0",
        "make-error": "^1.1.1",
        "minimist": "^1.2.0",
        "mkdirp": "^0.5.1",
        "source-map-support": "^0.5.6",
        "yn": "^2.0.0"
      }
    },
    "typescript": {
      "version": "3.9.2",
      "resolved": "https://nutanix.jfrog.io/nutanix/api/npm/npm-virtual/typescript/-/typescript-3.9.2.tgz",
      "integrity": "sha1-ZOnI6b5upYPFRgdnfdRoChzzXbk=",
      "dev": true
    },
    "uuid": {
      "version": "3.4.0",
      "resolved": "https://nutanix.jfrog.io/nutanix/api/npm/npm-virtual/uuid/-/uuid-3.4.0.tgz",
      "integrity": "sha1-sj5DWK+oogL+ehAK8fX4g/AgB+4="
    },
    "uuid-parse": {
      "version": "1.1.0",
      "resolved": "https://nutanix.jfrog.io/nutanix/api/npm/npm-virtual/uuid-parse/-/uuid-parse-1.1.0.tgz",
      "integrity": "sha1-cGHFoThK4OH5Q8U4CUWX4bXzpls="
    },
    "yn": {
      "version": "2.0.0",
      "resolved": "https://nutanix.jfrog.io/nutanix/api/npm/npm-virtual/yn/-/yn-2.0.0.tgz",
      "integrity": "sha1-5a2ryKz0CPY4X8dklWhMiOavaJo=",
      "dev": true
    }
  }
}
